{
  "name": "codewhale-dsh",
  "version": "0.0.2",
  "lockfileVersion": 3,
  "requires": true,
  "packages": {
    "": {
      "name": "codewhale-dsh",
      "version": "0.0.2",
      "dependencies": {
        "@agentclientprotocol/sdk": "^0.25.1"
      }
    },
    "node_modules/@agentclientprotocol/sdk": {
      "version": "0.25.1",
      "resolved": "https://registry.npmmirror.com/@agentclientprotocol/sdk/-/sdk-0.25.1.tgz",
      "integrity": "sha512-jx2rF3bdpGwZ75Q/meyEDLLbYmbtxk82Uh9hDCdxDvcEedBnNSF5hZAnL/kJR5VNz56JqwOmqnAqasC84MwwkQ==",
      "license": "Apache-2.0",
      "peerDependencies": {
        "zod": "^3.25.0 || ^4.0.0"
      }
    },
    "node_modules/zod": {
      "version": "4.4.3",
      "resolved": "https://registry.npmmirror.com/zod/-/zod-4.4.3.tgz",
      "integrity": "sha512-ytENFjIJFl2UwYglde2jchW2Hwm4GJFLDiSXWdTrJQBIN9Fcyp7n4DhxJEiWNAJMV1/BqWfW/kkg71UDcHJyTQ==",
      "license": "MIT",
      "peer": true,
      "funding": {
        "url": "https://github.com/sponsors/colinhacks"
      }
    }
  }
}
